
Microsoft Visual Studio Solution File, Format Version 12.00
# Visual Studio Version 16
VisualStudioVersion = 16.0.31729.503
MinimumVisualStudioVersion = 10.0.40219.1
Project("{FAE04EC0-301F-11D3-BF4B-00C04F79EFBC}") = "Formula1DataApplication", "Formula1DataApplication\Formula1DataApplication.csproj", "{AB7F67DF-F23A-405A-830A-20FD615B6D13}"
EndProject
Global
	GlobalSection(SolutionConfigurationPlatforms) = preSolution
		Debug|Any CPU = Debug|Any CPU
		Release|Any CPU = Release|Any CPU
	EndGlobalSection
	GlobalSection(ProjectConfigurationPlatforms) = postSolution
		{AB7F67DF-F23A-405A-830A-20FD615B6D13}.Debug|Any CPU.ActiveCfg = Debug|Any CPU
		{AB7F67DF-F23A-405A-830A-20FD615B6D13}.Debug|Any CPU.Build.0 = Debug|Any CPU
		{AB7F67DF-F23A-405A-830A-20FD615B6D13}.Release|Any CPU.ActiveCfg = Release|Any CPU
		{AB7F67DF-F23A-405A-830A-20FD615B6D13}.Release|Any CPU.Build.0 = Release|Any CPU
	EndGlobalSection
	GlobalSection(SolutionProperties) = preSolution
		HideSolutionNode = FALSE
	EndGlobalSection
	GlobalSection(ExtensibilityGlobals) = postSolution
		SolutionGuid = {732CA725-FFA8-4319-8CE8-44448D97D7ED}
	EndGlobalSection
EndGlobal
